
Microsoft Visual Studio Solution File, Format Version 12.00
# Visual Studio Version 17
VisualStudioVersion = 17.9.34622.214
MinimumVisualStudioVersion = 10.0.40219.1
Project("{FAE04EC0-301F-11D3-BF4B-00C04F79EFBC}") = "medicalmty.Android", "medicalmty.Android\medicalmty.Android.csproj", "{41CF25F6-C5E7-4E60-95AE-0B46F2245384}"
EndProject
Project("{FAE04EC0-301F-11D3-BF4B-00C04F79EFBC}") = "medicalmty.iOS", "medicalmty.iOS\medicalmty.iOS.csproj", "{6FA1C0DA-5EDE-4CCC-AB6F-7282722EB870}"
EndProject
Project("{FAE04EC0-301F-11D3-BF4B-00C04F79EFBC}") = "medicalmty", "medicalmty\medicalmty.csproj", "{67407E11-1D24-4112-94C0-B5901806044B}"
EndProject
Global
	GlobalSection(SolutionConfigurationPlatforms) = preSolution
		Debug|Any CPU = Debug|Any CPU
		Debug|iPhone = Debug|iPhone
		Debug|iPhoneSimulator = Debug|iPhoneSimulator
		Release|Any CPU = Release|Any CPU
		Release|iPhone = Release|iPhone
		Release|iPhoneSimulator = Release|iPhoneSimulator
	EndGlobalSection
	GlobalSection(ProjectConfigurationPlatforms) = postSolution
		{41CF25F6-C5E7-4E60-95AE-0B46F2245384}.Debug|Any CPU.ActiveCfg = Debug|Any CPU
		{41CF25F6-C5E7-4E60-95AE-0B46F2245384}.Debug|Any CPU.Build.0 = Debug|Any CPU
		{41CF25F6-C5E7-4E60-95AE-0B46F2245384}.Debug|Any CPU.Deploy.0 = Debug|Any CPU
		{41CF25F6-C5E7-4E60-95AE-0B46F2245384}.Debug|iPhone.ActiveCfg = Debug|Any CPU
		{41CF25F6-C5E7-4E60-95AE-0B46F2245384}.Debug|iPhone.Build.0 = Debug|Any CPU
		{41CF25F6-C5E7-4E60-95AE-0B46F2245384}.Debug|iPhone.Deploy.0 = Debug|Any CPU
		{41CF25F6-C5E7-4E60-95AE-0B46F2245384}.Debug|iPhoneSimulator.ActiveCfg = Debug|Any CPU
		{41CF25F6-C5E7-4E60-95AE-0B46F2245384}.Debug|iPhoneSimulator.Build.0 = Debug|Any CPU
		{41CF25F6-C5E7-4E60-95AE-0B46F2245384}.Debug|iPhoneSimulator.Deploy.0 = Debug|Any CPU
		{41CF25F6-C5E7-4E60-95AE-0B46F2245384}.Release|Any CPU.ActiveCfg = Release|Any CPU
		{41CF25F6-C5E7-4E60-95AE-0B46F2245384}.Release|Any CPU.Build.0 = Release|Any CPU
		{41CF25F6-C5E7-4E60-95AE-0B46F2245384}.Release|Any CPU.Deploy.0 = Release|Any CPU
		{41CF25F6-C5E7-4E60-95AE-0B46F2245384}.Release|iPhone.ActiveCfg = Release|Any CPU
		{41CF25F6-C5E7-4E60-95AE-0B46F2245384}.Release|iPhone.Build.0 = Release|Any CPU
		{41CF25F6-C5E7-4E60-95AE-0B46F2245384}.Release|iPhone.Deploy.0 = Release|Any CPU
		{41CF25F6-C5E7-4E60-95AE-0B46F2245384}.Release|iPhoneSimulator.ActiveCfg = Release|Any CPU
		{41CF25F6-C5E7-4E60-95AE-0B46F2245384}.Release|iPhoneSimulator.Build.0 = Release|Any CPU
		{41CF25F6-C5E7-4E60-95AE-0B46F2245384}.Release|iPhoneSimulator.Deploy.0 = Release|Any CPU
		{6FA1C0DA-5EDE-4CCC-AB6F-7282722EB870}.Debug|Any CPU.ActiveCfg = Debug|iPhone
		{6FA1C0DA-5EDE-4CCC-AB6F-7282722EB870}.Debug|Any CPU.Build.0 = Debug|iPhone
		{6FA1C0DA-5EDE-4CCC-AB6F-7282722EB870}.Debug|Any CPU.Deploy.0 = Debug|iPhone
		{6FA1C0DA-5EDE-4CCC-AB6F-7282722EB870}.Debug|iPhone.ActiveCfg = Debug|iPhone
		{6FA1C0DA-5EDE-4CCC-AB6F-7282722EB870}.Debug|iPhone.Build.0 = Debug|iPhone
		{6FA1C0DA-5EDE-4CCC-AB6F-7282722EB870}.Debug|iPhone.Deploy.0 = Debug|iPhone
		{6FA1C0DA-5EDE-4CCC-AB6F-7282722EB870}.Debug|iPhoneSimulator.ActiveCfg = Debug|iPhoneSimulator
		{6FA1C0DA-5EDE-4CCC-AB6F-7282722EB870}.Debug|iPhoneSimulator.Build.0 = Debug|iPhoneSimulator
		{6FA1C0DA-5EDE-4CCC-AB6F-7282722EB870}.Debug|iPhoneSimulator.Deploy.0 = Debug|iPhoneSimulator
		{6FA1C0DA-5EDE-4CCC-AB6F-7282722EB870}.Release|Any CPU.ActiveCfg = Release|iPhoneSimulator
		{6FA1C0DA-5EDE-4CCC-AB6F-7282722EB870}.Release|Any CPU.Build.0 = Release|iPhoneSimulator
		{6FA1C0DA-5EDE-4CCC-AB6F-7282722EB870}.Release|Any CPU.Deploy.0 = Release|iPhoneSimulator
		{6FA1C0DA-5EDE-4CCC-AB6F-7282722EB870}.Release|iPhone.ActiveCfg = Release|iPhone
		{6FA1C0DA-5EDE-4CCC-AB6F-7282722EB870}.Release|iPhone.Build.0 = Release|iPhone
		{6FA1C0DA-5EDE-4CCC-AB6F-7282722EB870}.Release|iPhone.Deploy.0 = Release|iPhone
		{6FA1C0DA-5EDE-4CCC-AB6F-7282722EB870}.Release|iPhoneSimulator.ActiveCfg = Release|iPhoneSimulator
		{6FA1C0DA-5EDE-4CCC-AB6F-7282722EB870}.Release|iPhoneSimulator.Build.0 = Release|iPhoneSimulator
		{6FA1C0DA-5EDE-4CCC-AB6F-7282722EB870}.Release|iPhoneSimulator.Deploy.0 = Release|iPhoneSimulator
		{67407E11-1D24-4112-94C0-B5901806044B}.Debug|Any CPU.ActiveCfg = Debug|Any CPU
		{67407E11-1D24-4112-94C0-B5901806044B}.Debug|Any CPU.Build.0 = Debug|Any CPU
		{67407E11-1D24-4112-94C0-B5901806044B}.Debug|Any CPU.Deploy.0 = Debug|Any CPU
		{67407E11-1D24-4112-94C0-B5901806044B}.Debug|iPhone.ActiveCfg = Debug|Any CPU
		{67407E11-1D24-4112-94C0-B5901806044B}.Debug|iPhone.Build.0 = Debug|Any CPU
		{67407E11-1D24-4112-94C0-B5901806044B}.Debug|iPhone.Deploy.0 = Debug|Any CPU
		{67407E11-1D24-4112-94C0-B5901806044B}.Debug|iPhoneSimulator.ActiveCfg = Debug|Any CPU
		{67407E11-1D24-4112-94C0-B5901806044B}.Debug|iPhoneSimulator.Build.0 = Debug|Any CPU
		{67407E11-1D24-4112-94C0-B5901806044B}.Debug|iPhoneSimulator.Deploy.0 = Debug|Any CPU
		{67407E11-1D24-4112-94C0-B5901806044B}.Release|Any CPU.ActiveCfg = Release|Any CPU
		{67407E11-1D24-4112-94C0-B5901806044B}.Release|Any CPU.Build.0 = Release|Any CPU
		{67407E11-1D24-4112-94C0-B5901806044B}.Release|Any CPU.Deploy.0 = Release|Any CPU
		{67407E11-1D24-4112-94C0-B5901806044B}.Release|iPhone.ActiveCfg = Release|Any CPU
		{67407E11-1D24-4112-94C0-B5901806044B}.Release|iPhone.Build.0 = Release|Any CPU
		{67407E11-1D24-4112-94C0-B5901806044B}.Release|iPhone.Deploy.0 = Release|Any CPU
		{67407E11-1D24-4112-94C0-B5901806044B}.Release|iPhoneSimulator.ActiveCfg = Release|Any CPU
		{67407E11-1D24-4112-94C0-B5901806044B}.Release|iPhoneSimulator.Build.0 = Release|Any CPU
		{67407E11-1D24-4112-94C0-B5901806044B}.Release|iPhoneSimulator.Deploy.0 = Release|Any CPU
	EndGlobalSection
	GlobalSection(SolutionProperties) = preSolution
		HideSolutionNode = FALSE
	EndGlobalSection
	GlobalSection(ExtensibilityGlobals) = postSolution
		SolutionGuid = {8332F051-DF18-423B-929D-5FFAC0BADE13}
	EndGlobalSection
EndGlobal
